lockfileVersion: 5.3

specifiers:
  markdownlint: ^0.23.1
  markdownlint-cli: ^0.28.1
  prettier: ^2.3.2
  prettier-plugin-svelte: ^2.3.1

devDependencies:
  markdownlint: 0.23.1
  markdownlint-cli: 0.28.1
  prettier: 2.3.2
  prettier-plugin-svelte: 2.3.1_prettier@2.3.2

packages:

  /argparse/2.0.1:
    resolution: {integrity: sha512-8+9WqebbFzpX9OR+Wa6O29asIogeRMzcGtAINdpMHHyAg10f05aSFVBbcEqGf/PXw1EjAZ+q2/bEBg3DvurK3Q==}
    dev: true

  /balanced-match/1.0.2:
    resolution: {integrity: sha512-3oSeUO0TMV67hN1AmbXsK4yaqU7tjiHlbxRDZOpH0KW9+CeX4bRAaX0Anxt0tx2MrpRpWwQaPwIlISEJhYU5Pw==}
    dev: true

  /brace-expansion/1.1.11:
    resolution: {integrity: sha512-iCuPHDFgrHX7H2vEI/5xpz07zSHB00TpugqhmYtVmMO6518mCuRMoOYFldEBl0g187ufozdaHgWKcYFb61qGiA==}
    dependencies:
      balanced-match: 1.0.2
      concat-map: 0.0.1
    dev: true

  /commander/8.0.0:
    resolution: {integrity: sha512-Xvf85aAtu6v22+E5hfVoLHqyul/jyxh91zvqk/ioJTQuJR7Z78n7H558vMPKanPSRgIEeZemT92I2g9Y8LPbSQ==}
    engines: {node: '>= 12'}
    dev: true

  /concat-map/0.0.1:
    resolution: {integrity: sha1-2Klr13/Wjfd5OnMDajug1UBdR3s=}
    dev: true

  /deep-extend/0.6.0:
    resolution: {integrity: sha512-LOHxIOaPYdHlJRtCQfDIVZtfw/ufM8+rVj649RIHzcm/vGwQRXFt6OPqIFWsm2XEMrNIEtWR64sY1LEKD2vAOA==}
    engines: {node: '>=4.0.0'}
    dev: true

  /entities/2.1.0:
    resolution: {integrity: sha512-hCx1oky9PFrJ611mf0ifBLBRW8lUUVRlFolb5gWRfIELabBlbp9xZvrqZLZAs+NxFnbfQoeGd8wDkygjg7U85w==}
    dev: true

  /fs.realpath/1.0.0:
    resolution: {integrity: sha1-FQStJSMVjKpA20onh8sBQRmU6k8=}
    dev: true

  /get-stdin/8.0.0:
    resolution: {integrity: sha512-sY22aA6xchAzprjyqmSEQv4UbAAzRN0L2dQB0NlN5acTTK9Don6nhoc3eAbUnpZiCANAMfd/+40kVdKfFygohg==}
    engines: {node: '>=10'}
    dev: true

  /glob/7.1.7:
    resolution: {integrity: sha512-OvD9ENzPLbegENnYP5UUfJIirTg4+XwMWGaQfQTY0JenxNvvIKP3U3/tAQSPIu/lHxXYSZmpXlUHeqAIdKzBLQ==}
    dependencies:
      fs.realpath: 1.0.0
      inflight: 1.0.6
      inherits: 2.0.4
      minimatch: 3.0.4
      once: 1.4.0
      path-is-absolute: 1.0.1
    dev: true

  /ignore/5.1.8:
    resolution: {integrity: sha512-BMpfD7PpiETpBl/A6S498BaIJ6Y/ABT93ETbby2fP00v4EbvPBXWEoaR1UBPKs3iR53pJY7EtZk5KACI57i1Uw==}
    engines: {node: '>= 4'}
    dev: true

  /inflight/1.0.6:
    resolution: {integrity: sha1-Sb1jMdfQLQwJvJEKEHW6gWW1bfk=}
    dependencies:
      once: 1.4.0
      wrappy: 1.0.2
    dev: true

  /inherits/2.0.4:
    resolution: {integrity: sha512-k/vGaX4/Yla3WzyMCvTQOXYeIHvqOKtnqBduzTHpzpQZzAskKMhZ2K+EnBiSM9zGSoIFeMpXKxa4dYeZIQqewQ==}
    dev: true

  /ini/2.0.0:
    resolution: {integrity: sha512-7PnF4oN3CvZF23ADhA5wRaYEQpJ8qygSkbtTXWBeXWXmEVRXK+1ITciHWwHhsjv1TmW0MgacIv6hEi5pX5NQdA==}
    engines: {node: '>=10'}
    dev: true

  /js-yaml/4.1.0:
    resolution: {integrity: sha512-wpxZs9NoxZaJESJGIZTyDEaYpl0FKSA+FB9aJiyemKhMwkxQg63h4T1KJgUGHpTqPDNRcmmYLugrRjJlBtWvRA==}
    hasBin: true
    dependencies:
      argparse: 2.0.1
    dev: true

  /jsonc-parser/3.0.0:
    resolution: {integrity: sha512-fQzRfAbIBnR0IQvftw9FJveWiHp72Fg20giDrHz6TdfB12UH/uue0D3hm57UB5KgAVuniLMCaS8P1IMj9NR7cA==}
    dev: true

  /linkify-it/3.0.2:
    resolution: {integrity: sha512-gDBO4aHNZS6coiZCKVhSNh43F9ioIL4JwRjLZPkoLIY4yZFwg264Y5lu2x6rb1Js42Gh6Yqm2f6L2AJcnkzinQ==}
    dependencies:
      uc.micro: 1.0.6
    dev: true

  /lodash.differencewith/4.5.0:
    resolution: {integrity: sha1-uvr7yRi1UVTheRdqALsK76rIVLc=}
    dev: true

  /lodash.flatten/4.4.0:
    resolution: {integrity: sha1-8xwiIlqWMtK7+OSt2+8kCqdlph8=}
    dev: true

  /markdown-it/12.0.4:
    resolution: {integrity: sha512-34RwOXZT8kyuOJy25oJNJoulO8L0bTHYWXcdZBYZqFnjIy3NgjeoM3FmPXIOFQ26/lSHYMr8oc62B6adxXcb3Q==}
    hasBin: true
    dependencies:
      argparse: 2.0.1
      entities: 2.1.0
      linkify-it: 3.0.2
      mdurl: 1.0.1
      uc.micro: 1.0.6
    dev: true

  /markdownlint-cli/0.28.1:
    resolution: {integrity: sha512-RBKtRRBzcuAF/H5wMSzb4zvEtbUkyYNEeaDtlQkyH9SoHWPL01emJ2Wrx6NEOa1ZDGwB+seBGvE157Qzc/t/vA==}
    engines: {node: '>=10'}
    hasBin: true
    dependencies:
      commander: 8.0.0
      deep-extend: 0.6.0
      get-stdin: 8.0.0
      glob: 7.1.7
      ignore: 5.1.8
      js-yaml: 4.1.0
      jsonc-parser: 3.0.0
      lodash.differencewith: 4.5.0
      lodash.flatten: 4.4.0
      markdownlint: 0.23.1
      markdownlint-rule-helpers: 0.14.0
      minimatch: 3.0.4
      minimist: 1.2.5
      run-con: 1.2.10
    dev: true

  /markdownlint-rule-helpers/0.14.0:
    resolution: {integrity: sha512-vRTPqSU4JK8vVXmjICHSBhwXUvbfh/VJo+j7hvxqe15tLJyomv3FLgFdFgb8kpj0Fe8SsJa/TZUAXv7/sN+N7A==}
    dev: true

  /markdownlint/0.23.1:
    resolution: {integrity: sha512-iOEwhDfNmq2IJlaA8mzEkHYUi/Hwoa6Ss+HO5jkwUR6wQ4quFr0WzSx+Z9rsWZKUaPbyirIdL1zGmJRkWawr4Q==}
    engines: {node: '>=10'}
    dependencies:
      markdown-it: 12.0.4
    dev: true

  /mdurl/1.0.1:
    resolution: {integrity: sha1-/oWy7HWlkDfyrf7BAP1sYBdhFS4=}
    dev: true

  /minimatch/3.0.4:
    resolution: {integrity: sha512-yJHVQEhyqPLUTgt9B83PXu6W3rx4MvvHvSUvToogpwoGDOUQ+yDrR0HRot+yOCdCO7u4hX3pWft6kWBBcqh0UA==}
    dependencies:
      brace-expansion: 1.1.11
    dev: true

  /minimist/1.2.5:
    resolution: {integrity: sha512-FM9nNUYrRBAELZQT3xeZQ7fmMOBg6nWNmJKTcgsJeaLstP/UODVpGsr5OhXhhXg6f+qtJ8uiZ+PUxkDWcgIXLw==}
    dev: true

  /once/1.4.0:
    resolution: {integrity: sha1-WDsap3WWHUsROsF9nFC6753Xa9E=}
    dependencies:
      wrappy: 1.0.2
    dev: true

  /path-is-absolute/1.0.1:
    resolution: {integrity: sha1-F0uSaHNVNP+8es5r9TpanhtcX18=}
    engines: {node: '>=0.10.0'}
    dev: true

  /prettier-plugin-svelte/2.3.1_prettier@2.3.2:
    resolution: {integrity: sha512-F1/r6OYoBq8Zgurhs1MN25tdrhPw0JW5JjioPRqpxbYdmrZ3gY/DzHGs0B6zwd4DLyRsfGB2gqhxUCbHt/D1fw==}
    peerDependencies:
      prettier: ^1.16.4 || ^2.0.0
      svelte: ^3.2.0
    dependencies:
      prettier: 2.3.2
    dev: true

  /prettier/2.3.2:
    resolution: {integrity: sha512-lnJzDfJ66zkMy58OL5/NY5zp70S7Nz6KqcKkXYzn2tMVrNxvbqaBpg7H3qHaLxCJ5lNMsGuM8+ohS7cZrthdLQ==}
    engines: {node: '>=10.13.0'}
    hasBin: true
    dev: true

  /run-con/1.2.10:
    resolution: {integrity: sha512-n7PZpYmMM26ZO21dd8y3Yw1TRtGABjRtgPSgFS/nhzfvbJMXFtJhJVyEgayMiP+w/23craJjsnfDvx4W4ue/HQ==}
    hasBin: true
    dependencies:
      deep-extend: 0.6.0
      ini: 2.0.0
      minimist: 1.2.5
      strip-json-comments: 3.1.1
    dev: true

  /strip-json-comments/3.1.1:
    resolution: {integrity: sha512-6fPc+R4ihwqP6N/aIv2f1gMH8lOVtWQHoqC4yK6oSDVVocumAsfCqjkXnqiYMhmMwS/mEHLp7Vehlt3ql6lEig==}
    engines: {node: '>=8'}
    dev: true

  /uc.micro/1.0.6:
    resolution: {integrity: sha512-8Y75pvTYkLJW2hWQHXxoqRgV7qb9B+9vFEtidML+7koHUFapnVJAZ6cKs+Qjz5Aw3aZWHMC6u0wJE3At+nSGwA==}
    dev: true

  /wrappy/1.0.2:
    resolution: {integrity: sha1-tSQ9jz7BqjXxNkYFvA0QNuMKtp8=}
    dev: true
